// !$*UTF8*$!
{
	archiveVersion = 1;
	classes = {
	};
	objectVersion = 46;
	objects = {

/* Begin PBXGroup section */
		A62FDDB0163423BE00FC8A28 = {
			isa = PBXGroup;
			children = (
			);
			sourceTree = "<group>";
		};
/* End PBXGroup section */

/* Begin PBXProject section */
		A62FDDB2163423BE00FC8A28 /* Project object */ = {
			isa = PBXProject;
			attributes = {
				LastUpgradeCheck = 0450;
			};
			buildConfigurationList = A62FDDB5163423BE00FC8A28 /* Build configuration list for PBXProject "TPG4162-2" */;
			compatibilityVersion = "Xcode 3.2";
			developmentRegion = English;
			hasScannedForEncodings = 0;
			knownRegions = (
				en,
			);
			mainGroup = A62FDDB0163423BE00FC8A28;
			projectDirPath = "";
			projectRoot = "";
			targets = (
			);
		};
/* End PBXProject section */

/* Begin XCBuildConfiguration section */
		A62FDDB7163423BE00FC8A28 /* Debug */ = {
			isa = XCBuildConfiguration;
			buildSettings = {
			};
			name = Debug;
		};
		A62FDDB8163423BE00FC8A28 /* Release */ = {
			isa = XCBuildConfiguration;
			buildSettings = {
			};
			name = Release;
		};
/* End XCBuildConfiguration section */

/* Begin XCConfigurationList section */
		A62FDDB5163423BE00FC8A28 /* Build configuration list for PBXProject "TPG4162-2" */ = {
			isa = XCConfigurationList;
			buildConfigurations = (
				A62FDDB7163423BE00FC8A28 /* Debug */,
				A62FDDB8163423BE00FC8A28 /* Release */,
			);
			defaultConfigurationIsVisible = 0;
			defaultConfigurationName = Release;
		};
/* End XCConfigurationList section */
	};
	rootObject = A62FDDB2163423BE00FC8A28 /* Project object */;
}
